
Microsoft Visual Studio Solution File, Format Version 12.00
# Visual Studio Version 17
VisualStudioVersion = 17.12.35707.178 d17.12
MinimumVisualStudioVersion = 10.0.40219.1
Project("{FAE04EC0-301F-11D3-BF4B-00C04F79EFBC}") = "MetalStore.Api", "MetalStore.Api\MetalStore.Api.csproj", "{5E562D05-4A53-469C-B345-21353B629B38}"
EndProject
Project("{FAE04EC0-301F-11D3-BF4B-00C04F79EFBC}") = "MetalStore.Core", "MetalStore.Core\MetalStore.Core.csproj", "{498C303A-8E4E-4E6C-90B6-B68BF151B0C9}"
EndProject
Project("{FAE04EC0-301F-11D3-BF4B-00C04F79EFBC}") = "MetalStore.Data", "MetalStore.Data\MetalStore.Data.csproj", "{9B99E0E2-7601-42AD-96BE-0DE64BD4D062}"
EndProject
Project("{FAE04EC0-301F-11D3-BF4B-00C04F79EFBC}") = "MetalStore.Entities", "MetalStore.Entities\MetalStore.Entities.csproj", "{82221AB1-0A65-4474-B0D9-52547FE78F2C}"
EndProject
Global
	GlobalSection(SolutionConfigurationPlatforms) = preSolution
		Debug|Any CPU = Debug|Any CPU
		Release|Any CPU = Release|Any CPU
	EndGlobalSection
	GlobalSection(ProjectConfigurationPlatforms) = postSolution
		{5E562D05-4A53-469C-B345-21353B629B38}.Debug|Any CPU.ActiveCfg = Debug|Any CPU
		{5E562D05-4A53-469C-B345-21353B629B38}.Debug|Any CPU.Build.0 = Debug|Any CPU
		{5E562D05-4A53-469C-B345-21353B629B38}.Release|Any CPU.ActiveCfg = Release|Any CPU
		{5E562D05-4A53-469C-B345-21353B629B38}.Release|Any CPU.Build.0 = Release|Any CPU
		{498C303A-8E4E-4E6C-90B6-B68BF151B0C9}.Debug|Any CPU.ActiveCfg = Debug|Any CPU
		{498C303A-8E4E-4E6C-90B6-B68BF151B0C9}.Debug|Any CPU.Build.0 = Debug|Any CPU
		{498C303A-8E4E-4E6C-90B6-B68BF151B0C9}.Release|Any CPU.ActiveCfg = Release|Any CPU
		{498C303A-8E4E-4E6C-90B6-B68BF151B0C9}.Release|Any CPU.Build.0 = Release|Any CPU
		{9B99E0E2-7601-42AD-96BE-0DE64BD4D062}.Debug|Any CPU.ActiveCfg = Debug|Any CPU
		{9B99E0E2-7601-42AD-96BE-0DE64BD4D062}.Debug|Any CPU.Build.0 = Debug|Any CPU
		{9B99E0E2-7601-42AD-96BE-0DE64BD4D062}.Release|Any CPU.ActiveCfg = Release|Any CPU
		{9B99E0E2-7601-42AD-96BE-0DE64BD4D062}.Release|Any CPU.Build.0 = Release|Any CPU
		{82221AB1-0A65-4474-B0D9-52547FE78F2C}.Debug|Any CPU.ActiveCfg = Debug|Any CPU
		{82221AB1-0A65-4474-B0D9-52547FE78F2C}.Debug|Any CPU.Build.0 = Debug|Any CPU
		{82221AB1-0A65-4474-B0D9-52547FE78F2C}.Release|Any CPU.ActiveCfg = Release|Any CPU
		{82221AB1-0A65-4474-B0D9-52547FE78F2C}.Release|Any CPU.Build.0 = Release|Any CPU
	EndGlobalSection
	GlobalSection(SolutionProperties) = preSolution
		HideSolutionNode = FALSE
	EndGlobalSection
EndGlobal
